schema: '2.0'
stages:
  data_ingestion:
    cmd: python src/data_ingestion.py
    deps:
    - path: src/data_ingestion.py
      hash: md5
      md5: fe52c8681b3c159d49acb7e5ed1083e7
      size: 3789
    params:
      params.yaml:
        data_ingestion.test_size: 0.15
    outs:
    - path: Data/raw
      hash: md5
      md5: a15ba66afdf82f8659b031b175286ed3.dir
      size: 484846
      nfiles: 2
  data_preprocessing.py:
    cmd: python src/data_preprocessing.py
    deps:
    - path: Data/raw
      hash: md5
      md5: d26befd2dda9438254177d9000d9ba1f.dir
      size: 484846
      nfiles: 2
    - path: src/data_preprocessing.py
      hash: md5
      md5: 00740bd2c0414c0003c91c3cea3df2f0
      size: 4377
    outs:
    - path: Data/interim
      hash: md5
      md5: 61ca13b2e20854a1f7bacbbcfeca409e.dir
      size: 262513
      nfiles: 2
  feature_engineering.py:
    cmd: python src/feature_engineering.py
    deps:
    - path: Data/interim
      hash: md5
      md5: 61ca13b2e20854a1f7bacbbcfeca409e.dir
      size: 262513
      nfiles: 2
    - path: src/feature_engineering.py
      hash: md5
      md5: 943c1f3cfeda8c964387dfedc718f49b
      size: 3215
    outs:
    - path: Data/processed
      hash: md5
      md5: d09b0c0a66dd2b468bbbc5cc8bcc002b.dir
      size: 1188103
      nfiles: 2
  model_building:
    cmd: python src/model_building.py
    deps:
    - path: Data/processed
      hash: md5
      md5: 8e56a3d4c5b6ae49da9ccc9f20aee7e5.dir
      size: 1290592
      nfiles: 2
    - path: src/model_building.py
      hash: md5
      md5: 2983557ee69112dc237ce550401e25c1
      size: 4418
    params:
      params.yaml:
        model_building.n_estimators: 30
        model_building.random_state: 43
    outs:
    - path: model/model.pkl
      hash: md5
      md5: cf16880afb04c2520d09b7710dee9fd5
      size: 1320417
  model_evaluation:
    cmd: python src/model_evaluation.py
    deps:
    - path: model/model.pkl
      hash: md5
      md5: cf16880afb04c2520d09b7710dee9fd5
      size: 1320417
    - path: src/model_evaluation.py
      hash: md5
      md5: 128c1b0940fd28a72efedb76016570a3
      size: 4681
    outs:
    - path: reports/metrics.json
      hash: md5
      md5: 356cde9a64248184f9fa0b06a60d8b2e
      size: 144
  data_preprocessing:
    cmd: python src/data_preprocessing.py
    deps:
    - path: Data/raw
      hash: md5
      md5: a15ba66afdf82f8659b031b175286ed3.dir
      size: 484846
      nfiles: 2
    - path: src/data_preprocessing.py
      hash: md5
      md5: 00740bd2c0414c0003c91c3cea3df2f0
      size: 4377
    outs:
    - path: Data/interim
      hash: md5
      md5: 60a6fff4e80508df65a68e383fa2725e.dir
      size: 259164
      nfiles: 2
  feature_engineering:
    cmd: python src/feature_engineering.py
    deps:
    - path: Data/interim
      hash: md5
      md5: 60a6fff4e80508df65a68e383fa2725e.dir
      size: 259164
      nfiles: 2
    - path: src/feature_engineering.py
      hash: md5
      md5: 170997d6184f11b0d6721e4290ad8750
      size: 3895
    params:
      params.yaml:
        feature_engineering.max_features: 55
    outs:
    - path: Data/processed
      hash: md5
      md5: 8e56a3d4c5b6ae49da9ccc9f20aee7e5.dir
      size: 1290592
      nfiles: 2
